// !$*UTF8*$!
{
	archiveVersion = 1;
	classes = {
	};
	objectVersion = 56;
	objects = {

/* Begin PBXBuildFile section */
		D31E5B252A13C60F00FEF682 /* front_hair.gif in Resources */ = {isa = PBXBuildFile; fileRef = D31E5B242A13C60F00FEF682 /* front_hair.gif */; };
		D3B236E12A119B1600C858BD /* AppDelegate.swift in Sources */ = {isa = PBXBuildFile; fileRef = D3B236E02A119B1600C858BD /* AppDelegate.swift */; };
		D3B236E32A119B1600C858BD /* ContentView.swift in Sources */ = {isa = PBXBuildFile; fileRef = D3B236E22A119B1600C858BD /* ContentView.swift */; };
		D3B236E72A119B1800C858BD /* Assets.xcassets in Resources */ = {isa = PBXBuildFile; fileRef = D3B236E62A119B1800C858BD /* Assets.xcassets */; };
		D3B236EA2A119B1800C858BD /* Preview Assets.xcassets in Resources */ = {isa = PBXBuildFile; fileRef = D3B236E92A119B1800C858BD /* Preview Assets.xcassets */; };
		D3B236F32A119E1700C858BD /* front_hair_2.gif in Resources */ = {isa = PBXBuildFile; fileRef = D3B236F22A119E1700C858BD /* front_hair_2.gif */; };
		D3B236F52A11A71800C858BD /* GIFToMOVConverter.swift in Sources */ = {isa = PBXBuildFile; fileRef = D3B236F42A11A71800C858BD /* GIFToMOVConverter.swift */; };
		D3B236F82A12B6CB00C858BD /* VideoSpriteKitSceneNode.swift in Sources */ = {isa = PBXBuildFile; fileRef = D3B236F72A12B6CB00C858BD /* VideoSpriteKitSceneNode.swift */; };
		D3B236FD2A13790900C858BD /* README.md in Resources */ = {isa = PBXBuildFile; fileRef = D3B236FC2A13790900C858BD /* README.md */; };
/* End PBXBuildFile section */

/* Begin PBXFileReference section */
		D31E5B242A13C60F00FEF682 /* front_hair.gif */ = {isa = PBXFileReference; lastKnownFileType = image.gif; path = front_hair.gif; sourceTree = "<group>"; };
		D3B236DD2A119B1600C858BD /* invisibile.app */ = {isa = PBXFileReference; explicitFileType = wrapper.application; includeInIndex = 0; path = invisibile.app; sourceTree = BUILT_PRODUCTS_DIR; };
		D3B236E02A119B1600C858BD /* AppDelegate.swift */ = {isa = PBXFileReference; lastKnownFileType = sourcecode.swift; path = AppDelegate.swift; sourceTree = "<group>"; };
		D3B236E22A119B1600C858BD /* ContentView.swift */ = {isa = PBXFileReference; lastKnownFileType = sourcecode.swift; path = ContentView.swift; sourceTree = "<group>"; };
		D3B236E62A119B1800C858BD /* Assets.xcassets */ = {isa = PBXFileReference; lastKnownFileType = folder.assetcatalog; path = Assets.xcassets; sourceTree = "<group>"; };
		D3B236E92A119B1800C858BD /* Preview Assets.xcassets */ = {isa = PBXFileReference; lastKnownFileType = folder.assetcatalog; path = "Preview Assets.xcassets"; sourceTree = "<group>"; };
		D3B236F22A119E1700C858BD /* front_hair_2.gif */ = {isa = PBXFileReference; lastKnownFileType = image.gif; path = front_hair_2.gif; sourceTree = "<group>"; };
		D3B236F42A11A71800C858BD /* GIFToMOVConverter.swift */ = {isa = PBXFileReference; lastKnownFileType = sourcecode.swift; path = GIFToMOVConverter.swift; sourceTree = "<group>"; };
		D3B236F72A12B6CB00C858BD /* VideoSpriteKitSceneNode.swift */ = {isa = PBXFileReference; lastKnownFileType = sourcecode.swift; path = VideoSpriteKitSceneNode.swift; sourceTree = "<group>"; };
		D3B236FB2A13757D00C858BD /* Info.plist */ = {isa = PBXFileReference; lastKnownFileType = text.plist; path = Info.plist; sourceTree = "<group>"; };
		D3B236FC2A13790900C858BD /* README.md */ = {isa = PBXFileReference; fileEncoding = 4; lastKnownFileType = net.daringfireball.markdown; path = README.md; sourceTree = "<group>"; };
/* End PBXFileReference section */

/* Begin PBXFrameworksBuildPhase section */
		D3B236DA2A119B1600C858BD /* Frameworks */ = {
			isa = PBXFrameworksBuildPhase;
			buildActionMask = 2147483647;
			files = (
			);
			runOnlyForDeploymentPostprocessing = 0;
		};
/* End PBXFrameworksBuildPhase section */

/* Begin PBXGroup section */
		D3B236D42A119B1600C858BD = {
			isa = PBXGroup;
			children = (
				D3B236FC2A13790900C858BD /* README.md */,
				D3B236DF2A119B1600C858BD /* invisibile */,
				D3B236DE2A119B1600C858BD /* Products */,
			);
			sourceTree = "<group>";
		};
		D3B236DE2A119B1600C858BD /* Products */ = {
			isa = PBXGroup;
			children = (
				D3B236DD2A119B1600C858BD /* invisibile.app */,
			);
			name = Products;
			sourceTree = "<group>";
		};
		D3B236DF2A119B1600C858BD /* invisibile */ = {
			isa = PBXGroup;
			children = (
				D3B236FB2A13757D00C858BD /* Info.plist */,
				D3B236F12A119DFC00C858BD /* resources */,
				D3B236E02A119B1600C858BD /* AppDelegate.swift */,
				D3B236E22A119B1600C858BD /* ContentView.swift */,
				D3B236E62A119B1800C858BD /* Assets.xcassets */,
				D3B236E82A119B1800C858BD /* Preview Content */,
				D3B236F42A11A71800C858BD /* GIFToMOVConverter.swift */,
				D3B236F72A12B6CB00C858BD /* VideoSpriteKitSceneNode.swift */,
			);
			path = invisibile;
			sourceTree = "<group>";
		};
		D3B236E82A119B1800C858BD /* Preview Content */ = {
			isa = PBXGroup;
			children = (
				D3B236E92A119B1800C858BD /* Preview Assets.xcassets */,
			);
			path = "Preview Content";
			sourceTree = "<group>";
		};
		D3B236F12A119DFC00C858BD /* resources */ = {
			isa = PBXGroup;
			children = (
				D31E5B242A13C60F00FEF682 /* front_hair.gif */,
				D3B236F22A119E1700C858BD /* front_hair_2.gif */,
			);
			path = resources;
			sourceTree = "<group>";
		};
/* End PBXGroup section */

/* Begin PBXNativeTarget section */
		D3B236DC2A119B1600C858BD /* invisibile */ = {
			isa = PBXNativeTarget;
			buildConfigurationList = D3B236ED2A119B1800C858BD /* Build configuration list for PBXNativeTarget "invisibile" */;
			buildPhases = (
				D3B236D92A119B1600C858BD /* Sources */,
				D3B236DA2A119B1600C858BD /* Frameworks */,
				D3B236DB2A119B1600C858BD /* Resources */,
			);
			buildRules = (
			);
			dependencies = (
			);
			name = invisibile;
			productName = invisibile;
			productReference = D3B236DD2A119B1600C858BD /* invisibile.app */;
			productType = "com.apple.product-type.application";
		};
/* End PBXNativeTarget section */

/* Begin PBXProject section */
		D3B236D52A119B1600C858BD /* Project object */ = {
			isa = PBXProject;
			attributes = {
				BuildIndependentTargetsInParallel = 1;
				LastSwiftUpdateCheck = 1430;
				LastUpgradeCheck = 1430;
				TargetAttributes = {
					D3B236DC2A119B1600C858BD = {
						CreatedOnToolsVersion = 14.3;
					};
				};
			};
			buildConfigurationList = D3B236D82A119B1600C858BD /* Build configuration list for PBXProject "invisibile" */;
			compatibilityVersion = "Xcode 14.0";
			developmentRegion = en;
			hasScannedForEncodings = 0;
			knownRegions = (
				en,
				Base,
			);
			mainGroup = D3B236D42A119B1600C858BD;
			productRefGroup = D3B236DE2A119B1600C858BD /* Products */;
			projectDirPath = "";
			projectRoot = "";
			targets = (
				D3B236DC2A119B1600C858BD /* invisibile */,
			);
		};
/* End PBXProject section */

/* Begin PBXResourcesBuildPhase section */
		D3B236DB2A119B1600C858BD /* Resources */ = {
			isa = PBXResourcesBuildPhase;
			buildActionMask = 2147483647;
			files = (
				D3B236EA2A119B1800C858BD /* Preview Assets.xcassets in Resources */,
				D3B236F32A119E1700C858BD /* front_hair_2.gif in Resources */,
				D3B236FD2A13790900C858BD /* README.md in Resources */,
				D3B236E72A119B1800C858BD /* Assets.xcassets in Resources */,
				D31E5B252A13C60F00FEF682 /* front_hair.gif in Resources */,
			);
			runOnlyForDeploymentPostprocessing = 0;
		};
/* End PBXResourcesBuildPhase section */

/* Begin PBXSourcesBuildPhase section */
		D3B236D92A119B1600C858BD /* Sources */ = {
			isa = PBXSourcesBuildPhase;
			buildActionMask = 2147483647;
			files = (
				D3B236E32A119B1600C858BD /* ContentView.swift in Sources */,
				D3B236E12A119B1600C858BD /* AppDelegate.swift in Sources */,
				D3B236F82A12B6CB00C858BD /* VideoSpriteKitSceneNode.swift in Sources */,
				D3B236F52A11A71800C858BD /* GIFToMOVConverter.swift in Sources */,
			);
			runOnlyForDeploymentPostprocessing = 0;
		};
/* End PBXSourcesBuildPhase section */

/* Begin XCBuildConfiguration section */
		D3B236EB2A119B1800C858BD /* Debug */ = {
			isa = XCBuildConfiguration;
			buildSettings = {
				ALWAYS_SEARCH_USER_PATHS = NO;
				CLANG_ANALYZER_NONNULL = YES;
				CLANG_ANALYZER_NUMBER_OBJECT_CONVERSION = YES_AGGRESSIVE;
				CLANG_CXX_LANGUAGE_STANDARD = "gnu++20";
				CLANG_ENABLE_MODULES = YES;
				CLANG_ENABLE_OBJC_ARC = YES;
				CLANG_ENABLE_OBJC_WEAK = YES;
				CLANG_WARN_BLOCK_CAPTURE_AUTORELEASING = YES;
				CLANG_WARN_BOOL_CONVERSION = YES;
				CLANG_WARN_COMMA = YES;
				CLANG_WARN_CONSTANT_CONVERSION = YES;
				CLANG_WARN_DEPRECATED_OBJC_IMPLEMENTATIONS = YES;
				CLANG_WARN_DIRECT_OBJC_ISA_USAGE = YES_ERROR;
				CLANG_WARN_DOCUMENTATION_COMMENTS = YES;
				CLANG_WARN_EMPTY_BODY = YES;
				CLANG_WARN_ENUM_CONVERSION = YES;
				CLANG_WARN_INFINITE_RECURSION = YES;
				CLANG_WARN_INT_CONVERSION = YES;
				CLANG_WARN_NON_LITERAL_NULL_CONVERSION = YES;
				CLANG_WARN_OBJC_IMPLICIT_RETAIN_SELF = YES;
				CLANG_WARN_OBJC_LITERAL_CONVERSION = YES;
				CLANG_WARN_OBJC_ROOT_CLASS = YES_ERROR;
				CLANG_WARN_QUOTED_INCLUDE_IN_FRAMEWORK_HEADER = YES;
				CLANG_WARN_RANGE_LOOP_ANALYSIS = YES;
				CLANG_WARN_STRICT_PROTOTYPES = YES;
				CLANG_WARN_SUSPICIOUS_MOVE = YES;
				CLANG_WARN_UNGUARDED_AVAILABILITY = YES_AGGRESSIVE;
				CLANG_WARN_UNREACHABLE_CODE = YES;
				CLANG_WARN__DUPLICATE_METHOD_MATCH = YES;
				COPY_PHASE_STRIP = NO;
				DEBUG_INFORMATION_FORMAT = dwarf;
				ENABLE_STRICT_OBJC_MSGSEND = YES;
				ENABLE_TESTABILITY = YES;
				GCC_C_LANGUAGE_STANDARD = gnu11;
				GCC_DYNAMIC_NO_PIC = NO;
				GCC_NO_COMMON_BLOCKS = YES;
				GCC_OPTIMIZATION_LEVEL = 0;
				GCC_PREPROCESSOR_DEFINITIONS = (
					"DEBUG=1",
					"$(inherited)",
				);
				GCC_WARN_64_TO_32_BIT_CONVERSION = YES;
				GCC_WARN_ABOUT_RETURN_TYPE = YES_ERROR;
				GCC_WARN_UNDECLARED_SELECTOR = YES;
				GCC_WARN_UNINITIALIZED_AUTOS = YES_AGGRESSIVE;
				GCC_WARN_UNUSED_FUNCTION = YES;
				GCC_WARN_UNUSED_VARIABLE = YES;
				IPHONEOS_DEPLOYMENT_TARGET = 16.4;
				MTL_ENABLE_DEBUG_INFO = INCLUDE_SOURCE;
				MTL_FAST_MATH = YES;
				ONLY_ACTIVE_ARCH = YES;
				SDKROOT = iphoneos;
				SWIFT_ACTIVE_COMPILATION_CONDITIONS = DEBUG;
				SWIFT_OPTIMIZATION_LEVEL = "-Onone";
			};
			name = Debug;
		};
		D3B236EC2A119B1800C858BD /* Release */ = {
			isa = XCBuildConfiguration;
			buildSettings = {
				ALWAYS_SEARCH_USER_PATHS = NO;
				CLANG_ANALYZER_NONNULL = YES;
				CLANG_ANALYZER_NUMBER_OBJECT_CONVERSION = YES_AGGRESSIVE;
				CLANG_CXX_LANGUAGE_STANDARD = "gnu++20";
				CLANG_ENABLE_MODULES = YES;
				CLANG_ENABLE_OBJC_ARC = YES;
				CLANG_ENABLE_OBJC_WEAK = YES;
				CLANG_WARN_BLOCK_CAPTURE_AUTORELEASING = YES;
				CLANG_WARN_BOOL_CONVERSION = YES;
				CLANG_WARN_COMMA = YES;
				CLANG_WARN_CONSTANT_CONVERSION = YES;
				CLANG_WARN_DEPRECATED_OBJC_IMPLEMENTATIONS = YES;
				CLANG_WARN_DIRECT_OBJC_ISA_USAGE = YES_ERROR;
				CLANG_WARN_DOCUMENTATION_COMMENTS = YES;
				CLANG_WARN_EMPTY_BODY = YES;
				CLANG_WARN_ENUM_CONVERSION = YES;
				CLANG_WARN_INFINITE_RECURSION = YES;
				CLANG_WARN_INT_CONVERSION = YES;
				CLANG_WARN_NON_LITERAL_NULL_CONVERSION = YES;
				CLANG_WARN_OBJC_IMPLICIT_RETAIN_SELF = YES;
				CLANG_WARN_OBJC_LITERAL_CONVERSION = YES;
				CLANG_WARN_OBJC_ROOT_CLASS = YES_ERROR;
				CLANG_WARN_QUOTED_INCLUDE_IN_FRAMEWORK_HEADER = YES;
				CLANG_WARN_RANGE_LOOP_ANALYSIS = YES;
				CLANG_WARN_STRICT_PROTOTYPES = YES;
				CLANG_WARN_SUSPICIOUS_MOVE = YES;
				CLANG_WARN_UNGUARDED_AVAILABILITY = YES_AGGRESSIVE;
				CLANG_WARN_UNREACHABLE_CODE = YES;
				CLANG_WARN__DUPLICATE_METHOD_MATCH = YES;
				COPY_PHASE_STRIP = NO;
				DEBUG_INFORMATION_FORMAT = "dwarf-with-dsym";
				ENABLE_NS_ASSERTIONS = NO;
				ENABLE_STRICT_OBJC_MSGSEND = YES;
				GCC_C_LANGUAGE_STANDARD = gnu11;
				GCC_NO_COMMON_BLOCKS = YES;
				GCC_WARN_64_TO_32_BIT_CONVERSION = YES;
				GCC_WARN_ABOUT_RETURN_TYPE = YES_ERROR;
				GCC_WARN_UNDECLARED_SELECTOR = YES;
				GCC_WARN_UNINITIALIZED_AUTOS = YES_AGGRESSIVE;
				GCC_WARN_UNUSED_FUNCTION = YES;
				GCC_WARN_UNUSED_VARIABLE = YES;
				IPHONEOS_DEPLOYMENT_TARGET = 16.4;
				MTL_ENABLE_DEBUG_INFO = NO;
				MTL_FAST_MATH = YES;
				SDKROOT = iphoneos;
				SWIFT_COMPILATION_MODE = wholemodule;
				SWIFT_OPTIMIZATION_LEVEL = "-O";
				VALIDATE_PRODUCT = YES;
			};
			name = Release;
		};
		D3B236EE2A119B1800C858BD /* Debug */ = {
			isa = XCBuildConfiguration;
			buildSettings = {
				ASSETCATALOG_COMPILER_APPICON_NAME = AppIcon;
				ASSETCATALOG_COMPILER_GLOBAL_ACCENT_COLOR_NAME = AccentColor;
				CODE_SIGN_STYLE = Automatic;
				CURRENT_PROJECT_VERSION = 1;
				DEVELOPMENT_ASSET_PATHS = "\"invisibile/Preview Content\"";
				DEVELOPMENT_TEAM = E4Z63835UE;
				ENABLE_PREVIEWS = YES;
				GENERATE_INFOPLIST_FILE = YES;
				INFOPLIST_FILE = invisibile/Info.plist;
				INFOPLIST_KEY_LSApplicationCategoryType = "";
				INFOPLIST_KEY_LSSupportsOpeningDocumentsInPlace = YES;
				INFOPLIST_KEY_NSCameraUsageDescription = "";
				INFOPLIST_KEY_UIApplicationSupportsIndirectInputEvents = YES;
				INFOPLIST_KEY_UILaunchScreen_Generation = YES;
				INFOPLIST_KEY_UIRequiredDeviceCapabilities = arkit;
				INFOPLIST_KEY_UIStatusBarHidden = YES;
				INFOPLIST_KEY_UISupportedInterfaceOrientations_iPad = "UIInterfaceOrientationPortrait UIInterfaceOrientationPortraitUpsideDown UIInterfaceOrientationLandscapeLeft UIInterfaceOrientationLandscapeRight";
				INFOPLIST_KEY_UISupportedInterfaceOrientations_iPhone = "UIInterfaceOrientationPortrait UIInterfaceOrientationLandscapeLeft UIInterfaceOrientationLandscapeRight";
				LD_RUNPATH_SEARCH_PATHS = (
					"$(inherited)",
					"@executable_path/Frameworks",
				);
				MARKETING_VERSION = 1.0;
				PRODUCT_BUNDLE_IDENTIFIER = com.albertotaiuti.invisibile;
				PRODUCT_NAME = "$(TARGET_NAME)";
				SWIFT_EMIT_LOC_STRINGS = YES;
				SWIFT_VERSION = 5.0;
				TARGETED_DEVICE_FAMILY = "1,2";
			};
			name = Debug;
		};
		D3B236EF2A119B1800C858BD /* Release */ = {
			isa = XCBuildConfiguration;
			buildSettings = {
				ASSETCATALOG_COMPILER_APPICON_NAME = AppIcon;
				ASSETCATALOG_COMPILER_GLOBAL_ACCENT_COLOR_NAME = AccentColor;
				CODE_SIGN_STYLE = Automatic;
				CURRENT_PROJECT_VERSION = 1;
				DEVELOPMENT_ASSET_PATHS = "\"invisibile/Preview Content\"";
				DEVELOPMENT_TEAM = E4Z63835UE;
				ENABLE_PREVIEWS = YES;
				GENERATE_INFOPLIST_FILE = YES;
				INFOPLIST_FILE = invisibile/Info.plist;
				INFOPLIST_KEY_LSApplicationCategoryType = "";
				INFOPLIST_KEY_LSSupportsOpeningDocumentsInPlace = YES;
				INFOPLIST_KEY_NSCameraUsageDescription = "";
				INFOPLIST_KEY_UIApplicationSupportsIndirectInputEvents = YES;
				INFOPLIST_KEY_UILaunchScreen_Generation = YES;
				INFOPLIST_KEY_UIRequiredDeviceCapabilities = arkit;
				INFOPLIST_KEY_UIStatusBarHidden = YES;
				INFOPLIST_KEY_UISupportedInterfaceOrientations_iPad = "UIInterfaceOrientationPortrait UIInterfaceOrientationPortraitUpsideDown UIInterfaceOrientationLandscapeLeft UIInterfaceOrientationLandscapeRight";
				INFOPLIST_KEY_UISupportedInterfaceOrientations_iPhone = "UIInterfaceOrientationPortrait UIInterfaceOrientationLandscapeLeft UIInterfaceOrientationLandscapeRight";
				LD_RUNPATH_SEARCH_PATHS = (
					"$(inherited)",
					"@executable_path/Frameworks",
				);
				MARKETING_VERSION = 1.0;
				PRODUCT_BUNDLE_IDENTIFIER = com.albertotaiuti.invisibile;
				PRODUCT_NAME = "$(TARGET_NAME)";
				SWIFT_EMIT_LOC_STRINGS = YES;
				SWIFT_VERSION = 5.0;
				TARGETED_DEVICE_FAMILY = "1,2";
			};
			name = Release;
		};
/* End XCBuildConfiguration section */

/* Begin XCConfigurationList section */
		D3B236D82A119B1600C858BD /* Build configuration list for PBXProject "invisibile" */ = {
			isa = XCConfigurationList;
			buildConfigurations = (
				D3B236EB2A119B1800C858BD /* Debug */,
				D3B236EC2A119B1800C858BD /* Release */,
			);
			defaultConfigurationIsVisible = 0;
			defaultConfigurationName = Release;
		};
		D3B236ED2A119B1800C858BD /* Build configuration list for PBXNativeTarget "invisibile" */ = {
			isa = XCConfigurationList;
			buildConfigurations = (
				D3B236EE2A119B1800C858BD /* Debug */,
				D3B236EF2A119B1800C858BD /* Release */,
			);
			defaultConfigurationIsVisible = 0;
			defaultConfigurationName = Release;
		};
/* End XCConfigurationList section */
	};
	rootObject = D3B236D52A119B1600C858BD /* Project object */;
}
